
Microsoft Visual Studio Solution File, Format Version 12.00
# Visual Studio Version 16
VisualStudioVersion = 16.0.33920.266
MinimumVisualStudioVersion = 10.0.40219.1
Project("{9A19103F-16F7-4668-BE54-9A1E7A4F7556}") = "Fitnes.BL", "Fitnes.BL\Fitnes.BL.csproj", "{FF63B157-D836-417C-87BB-BCE09D72E188}"
EndProject
Project("{9A19103F-16F7-4668-BE54-9A1E7A4F7556}") = "Fitnes.CMD", "Fitnes.CMD\Fitnes.CMD.csproj", "{7310FF46-561F-4394-A10F-1B9AC9323D97}"
EndProject
Project("{FAE04EC0-301F-11D3-BF4B-00C04F79EFBC}") = "Fitnes.BLTests", "Fitnes.BLTests\Fitnes.BLTests.csproj", "{56B7F557-E8B2-4135-96E3-107DB6B89ECE}"
EndProject
Global
	GlobalSection(SolutionConfigurationPlatforms) = preSolution
		Debug|Any CPU = Debug|Any CPU
		Release|Any CPU = Release|Any CPU
	EndGlobalSection
	GlobalSection(ProjectConfigurationPlatforms) = postSolution
		{FF63B157-D836-417C-87BB-BCE09D72E188}.Debug|Any CPU.ActiveCfg = Debug|Any CPU
		{FF63B157-D836-417C-87BB-BCE09D72E188}.Debug|Any CPU.Build.0 = Debug|Any CPU
		{FF63B157-D836-417C-87BB-BCE09D72E188}.Release|Any CPU.ActiveCfg = Release|Any CPU
		{FF63B157-D836-417C-87BB-BCE09D72E188}.Release|Any CPU.Build.0 = Release|Any CPU
		{7310FF46-561F-4394-A10F-1B9AC9323D97}.Debug|Any CPU.ActiveCfg = Debug|Any CPU
		{7310FF46-561F-4394-A10F-1B9AC9323D97}.Debug|Any CPU.Build.0 = Debug|Any CPU
		{7310FF46-561F-4394-A10F-1B9AC9323D97}.Release|Any CPU.ActiveCfg = Release|Any CPU
		{7310FF46-561F-4394-A10F-1B9AC9323D97}.Release|Any CPU.Build.0 = Release|Any CPU
		{56B7F557-E8B2-4135-96E3-107DB6B89ECE}.Debug|Any CPU.ActiveCfg = Debug|Any CPU
		{56B7F557-E8B2-4135-96E3-107DB6B89ECE}.Debug|Any CPU.Build.0 = Debug|Any CPU
		{56B7F557-E8B2-4135-96E3-107DB6B89ECE}.Release|Any CPU.ActiveCfg = Release|Any CPU
		{56B7F557-E8B2-4135-96E3-107DB6B89ECE}.Release|Any CPU.Build.0 = Release|Any CPU
	EndGlobalSection
	GlobalSection(SolutionProperties) = preSolution
		HideSolutionNode = FALSE
	EndGlobalSection
	GlobalSection(ExtensibilityGlobals) = postSolution
		SolutionGuid = {1C352234-F65F-47D4-A85C-4EF7F033CA54}
	EndGlobalSection
EndGlobal
